{
    "_meta": {
        "hash": {
            "sha256": "b708bd60ed13d81eeb41586725c07dbd3b6b6982215a0daf7061c7fd090ffe52"
        },
        "pipfile-spec": 6,
        "requires": {
            "python_version": "3.7"
        },
        "sources": [
            {
                "name": "pypi",
                "url": "https://pypi.org/simple",
                "verify_ssl": true
            }
        ]
    },
    "default": {
        "certifi": {
            "hashes": [
                "sha256:e4f3620cfea4f83eedc95b24abd9cd56f3c4b146dd0177e83a21b4eb49e21e50",
                "sha256:fd7c7c74727ddcf00e9acd26bba8da604ffec95bf1c2144e67aff7a8b50e6cef"
            ],
            "version": "==2019.9.11"
        },
        "chardet": {
            "hashes": [
                "sha256:84ab92ed1c4d4f16916e05906b6b75a6c0fb5db821cc65e70cbd64a3e2a5eaae",
                "sha256:fc323ffcaeaed0e0a02bf4d117757b98aed530d9ed4531e3e15460124c106691"
            ],
            "version": "==3.0.4"
        },
        "fire": {
            "hashes": [
                "sha256:6865fefc6981a713d2ce56a2a2c92c56c729269f74a6cddd6f4b94d16ae084c9"
            ],
            "index": "pypi",
            "version": "==0.2.1"
        },
        "idna": {
            "hashes": [
                "sha256:c357b3f628cf53ae2c4c05627ecc484553142ca23264e593d327bcde5e9c3407",
                "sha256:ea8b7f6188e6fa117537c3df7da9fc686d485087abf6ac197f9c46432f7e4a3c"
            ],
            "version": "==2.8"
        },
        "numpy": {
            "hashes": [
                "sha256:05dbfe72684cc14b92568de1bc1f41e5f62b00f714afc9adee42f6311738091f",
                "sha256:0d82cb7271a577529d07bbb05cb58675f2deb09772175fab96dc8de025d8ac05",
                "sha256:10132aa1fef99adc85a905d82e8497a580f83739837d7cbd234649f2e9b9dc58",
                "sha256:12322df2e21f033a60c80319c25011194cd2a21294cc66fee0908aeae2c27832",
                "sha256:16f19b3aa775dddc9814e02a46b8e6ae6a54ed8cf143962b4e53f0471dbd7b16",
                "sha256:3d0b0989dd2d066db006158de7220802899a1e5c8cf622abe2d0bd158fd01c2c",
                "sha256:438a3f0e7b681642898fd7993d38e2bf140a2d1eafaf3e89bb626db7f50db355",
                "sha256:5fd214f482ab53f2cea57414c5fb3e58895b17df6e6f5bca5be6a0bb6aea23bb",
                "sha256:73615d3edc84dd7c4aeb212fa3748fb83217e00d201875a47327f55363cef2df",
                "sha256:7bd355ad7496f4ce1d235e9814ec81ee3d28308d591c067ce92e49f745ba2c2f",
                "sha256:7d077f2976b8f3de08a0dcf5d72083f4af5411e8fddacd662aae27baa2601196",
                "sha256:a4092682778dc48093e8bda8d26ee8360153e2047826f95a3f5eae09f0ae3abf",
                "sha256:b458de8624c9f6034af492372eb2fee41a8e605f03f4732f43fc099e227858b2",
                "sha256:e70fc8ff03a961f13363c2c95ef8285e0cf6a720f8271836f852cc0fa64e97c8",
                "sha256:ee8e9d7cad5fe6dde50ede0d2e978d81eafeaa6233fb0b8719f60214cf226578",
                "sha256:f4a4f6aba148858a5a5d546a99280f71f5ee6ec8182a7d195af1a914195b21a2"
            ],
            "index": "pypi",
            "version": "==1.17.2"
        },
        "onnx": {
            "hashes": [
                "sha256:051ac54cb08d9a1ae0dec5fbd79c7604ceb97ddb678bc4145e49a3f4da5d928c",
                "sha256:0cae2a5511cf8522aea726507abad2aa85a5406f5ff7232ba937aadf71f77220",
                "sha256:130d63b6f7bfee367c7693350fe4caea6b7067d254704bb20d136c6e7460ec56",
                "sha256:3b88c3fe521151651a0403c4d131cb2e0311bd28b753ef692020a432a81ce345",
                "sha256:40a47587025092c9d033f50fe4b9395c021539bcacbbaa141673ecd5eeca0aa0",
                "sha256:4204fca478bcf668c606470b52cd3f42b111dcf5503b32c46480cabd9b9d4387",
                "sha256:42298189743d9f390890c31907bad74899bf023bbb52c68a94b1f6d534468571",
                "sha256:48acb524204137bd52a312709cb52a693832cce9e72c8f39db382d826e4bb6ec",
                "sha256:4a47a4813647d07cb544429e12cf5a71262bc82edd9237c4ae91219b4ef841af",
                "sha256:4fbe1630e33bd8d79d4e17a23d24bd8e464871dde37cb21e648c3728d33e64e2",
                "sha256:6c90c2fdb0836e6fadd093ca053d6cebd00ac4a774759002b0b0860d652a3d31",
                "sha256:912264fedd3df4647b31a4b7cd167982d54b4641eaf91bc1a9982c5eb9ebcb5f",
                "sha256:926f73ad969ce649ae68be1f2255d7825a703a915a2766de8ec3f73b282f154f",
                "sha256:988e20a30b38de2977f61c745ae68931ad9edbc8a687287e38555d17cd25df9d",
                "sha256:9b32e04abe02cba4c4edb6c3cc15db917e734521ca8631e46bea3971a142d709",
                "sha256:a78d7f0b784b26890f50cb48d7b1718db63f10ed3196cb023dd70631001c73a3",
                "sha256:a7e3ab3e81684bc75ac5476b5f2c690ad8d250bc8ece02eed5445c115577e6e4",
                "sha256:c67867a426eb661c661d7b2adea5c7876d7c5478b8d5af3c26bb40839b06e8c5",
                "sha256:d169bebc845e9869f229b8e3f65e3144e647a251ae9594efae52de23502d6b13",
                "sha256:d390ed80b8b1cffa23e25cd4e4a3f3a95c70f438cf5f160659f74f4ab5f6ee04",
                "sha256:f21a7ea757cea83067ce0d2f98b701a5980b0166fc0c0f1202550fdfe16a1c80"
            ],
            "index": "pypi",
            "version": "==1.6.0"
        },
        "onnxconverter-common": {
            "hashes": [
                "sha256:844f07b7414e0cfef00a09bed5bbb6a2f1671ddf1b323bb9305c7eff4d1dabec"
            ],
            "index": "pypi",
            "version": "==1.5.4"
        },
        "protobuf": {
            "hashes": [
                "sha256:26c0d756c7ad6823fccbc3b5f84c619b9cc7ac281496fe0a9d78e32023c45034",
                "sha256:3200046e4d4f6c42ed66257dbe15e2e5dc76072c280e9b3d69dc8f3a4fa3fbbc",
                "sha256:368f1bae6dd22d04fd2254d30cd301863408a96ff604422e3ddd8ab601f095a4",
                "sha256:3902fa1920b4ef9f710797496b309efc5ccd0faeba44dc82ed6a711a244764a0",
                "sha256:3a7a8925ba6481b9241cdb5d69cd0b0700f23efed6bb691dc9543faa4aa25d6f",
                "sha256:4bc33d49f43c6e9916fb56b7377cb4478cbf25824b4d2bedfb8a4e3df31c12ca",
                "sha256:568b434a36e31ed30d60d600b2227666ce150b8b5275948f50411481a4575d6d",
                "sha256:5c393cd665d03ce6b29561edd6b0cc4bcb3fb8e2a7843e8f223d693f07f61b40",
                "sha256:80072e9ba36c73cf89c01f669c7b123733fc2de1780b428082a850f53cc7865f",
                "sha256:843f498e98ad1469ad54ecb4a7ccf48605a1c5d2bd26ae799c7a2cddab4a37ec",
                "sha256:aa45443035651cbfae74c8deb53358ba660d8e7a5fbab3fc4beb33fb3e3ca4be",
                "sha256:aaab817d9d038dd5f56a6fb2b2e8ae68caf1fd28cc6a963c755fa73268495c13",
                "sha256:e6f68b9979dc8f75299293d682f67fecb72d78f98652da2eeb85c85edef1ca94",
                "sha256:e7366cabddff3441d583fdc0176ab42eba4ee7090ef857d50c4dd59ad124003a",
                "sha256:f0144ad97cd28bfdda0567b9278d25061ada5ad2b545b538cd3577697b32bda3",
                "sha256:f655338491481f482042f19016647e50365ab41b75b486e0df56e0dcc425abf4"
            ],
            "index": "pypi",
            "version": "==3.9.2"
        },
        "requests": {
            "hashes": [
                "sha256:11e007a8a2aa0323f5a921e9e6a2d7e4e67d9877e85773fba9ba6419025cbeb4",
                "sha256:9cf5292fcd0f598c671cfc1e0d7d1a7f13bb8085e9a590f48c010551dc6c4b31"
            ],
            "index": "pypi",
            "version": "==2.22.0"
        },
        "six": {
            "hashes": [
                "sha256:3350809f0555b11f552448330d0b52d5f24c91a322ea4a15ef22629740f3761c",
                "sha256:d16a0141ec1a18405cd4ce8b4613101da75da0e9a7aec5bdd4fa804d0e0eba73"
            ],
            "version": "==1.12.0"
        },
        "termcolor": {
            "hashes": [
                "sha256:1d6d69ce66211143803fbc56652b41d73b4a400a2891d7bf7a1cdf4c02de613b"
            ],
            "version": "==1.1.0"
        },
        "typing-extensions": {
            "hashes": [
                "sha256:2ed632b30bb54fc3941c382decfd0ee4148f5c591651c9272473fea2c6397d95",
                "sha256:b1edbbf0652660e32ae780ac9433f4231e7339c7f9a8057d0f042fcbcea49b87",
                "sha256:d8179012ec2c620d3791ca6fe2bf7979d979acdbef1fca0bc56b37411db682ed"
            ],
            "version": "==3.7.4"
        },
        "urllib3": {
            "hashes": [
                "sha256:3de946ffbed6e6746608990594d08faac602528ac7015ac28d33cee6a45b7398",
                "sha256:9a107b99a5393caf59c7aa3c1249c16e6879447533d0887f4336dde834c7be86"
            ],
            "version": "==1.25.6"
        }
    },
    "develop": {}
}
